
Microsoft Visual Studio Solution File, Format Version 12.00
# Visual Studio 2012
Project("{8BC9CEB8-8B4A-11D0-8D11-00A0C91BC942}") = "YYX_EXAM1_1", "YYX_EXAM1_1\YYX_EXAM1_1.vcxproj", "{664A68C0-6DEB-46C5-B7EF-2562327840CE}"
EndProject
Global
	GlobalSection(SolutionConfigurationPlatforms) = preSolution
		Debug|Win32 = Debug|Win32
		Release|Win32 = Release|Win32
	EndGlobalSection
	GlobalSection(ProjectConfigurationPlatforms) = postSolution
		{664A68C0-6DEB-46C5-B7EF-2562327840CE}.Debug|Win32.ActiveCfg = Debug|Win32
		{664A68C0-6DEB-46C5-B7EF-2562327840CE}.Debug|Win32.Build.0 = Debug|Win32
		{664A68C0-6DEB-46C5-B7EF-2562327840CE}.Release|Win32.ActiveCfg = Release|Win32
		{664A68C0-6DEB-46C5-B7EF-2562327840CE}.Release|Win32.Build.0 = Release|Win32
	EndGlobalSection
	GlobalSection(SolutionProperties) = preSolution
		HideSolutionNode = FALSE
	EndGlobalSection
EndGlobal
